
Microsoft Visual Studio Solution File, Format Version 12.00
# Visual Studio 2012
Project("{FAE04EC0-301F-11D3-BF4B-00C04F79EFBC}") = "VANLib", "VANLib\VANLib.csproj", "{42EB8FD4-E4E2-4D3F-860A-9FC49F79C676}"
EndProject
Global
	GlobalSection(SolutionConfigurationPlatforms) = preSolution
		Debug|Any CPU = Debug|Any CPU
		Release|Any CPU = Release|Any CPU
	EndGlobalSection
	GlobalSection(ProjectConfigurationPlatforms) = postSolution
		{42EB8FD4-E4E2-4D3F-860A-9FC49F79C676}.Debug|Any CPU.ActiveCfg = Debug|Any CPU
		{42EB8FD4-E4E2-4D3F-860A-9FC49F79C676}.Debug|Any CPU.Build.0 = Debug|Any CPU
		{42EB8FD4-E4E2-4D3F-860A-9FC49F79C676}.Release|Any CPU.ActiveCfg = Release|Any CPU
		{42EB8FD4-E4E2-4D3F-860A-9FC49F79C676}.Release|Any CPU.Build.0 = Release|Any CPU
	EndGlobalSection
	GlobalSection(SolutionProperties) = preSolution
		HideSolutionNode = FALSE
	EndGlobalSection
EndGlobal
